
Microsoft Visual Studio Solution File, Format Version 12.00
# Visual Studio Version 17
VisualStudioVersion = 17.5.002.0
MinimumVisualStudioVersion = 10.0.40219.1
Project("{2150E333-8FDC-42A3-9474-1A3956D46DE8}") = "backend", "backend", "{CAD1F652-78A5-4923-A332-1C3FD16C0E46}"
EndProject
Project("{9A19103F-16F7-4668-BE54-9A1E7A4F7556}") = "ShopApi", "backend\ShopApi\ShopApi.csproj", "{6CDC1DBC-638E-43B2-86B3-05BDBF7E034C}"
EndProject
Global
	GlobalSection(SolutionConfigurationPlatforms) = preSolution
		Debug|Any CPU = Debug|Any CPU
		Release|Any CPU = Release|Any CPU
	EndGlobalSection
	GlobalSection(ProjectConfigurationPlatforms) = postSolution
		{6CDC1DBC-638E-43B2-86B3-05BDBF7E034C}.Debug|Any CPU.ActiveCfg = Debug|Any CPU
		{6CDC1DBC-638E-43B2-86B3-05BDBF7E034C}.Debug|Any CPU.Build.0 = Debug|Any CPU
		{6CDC1DBC-638E-43B2-86B3-05BDBF7E034C}.Release|Any CPU.ActiveCfg = Release|Any CPU
		{6CDC1DBC-638E-43B2-86B3-05BDBF7E034C}.Release|Any CPU.Build.0 = Release|Any CPU
	EndGlobalSection
	GlobalSection(SolutionProperties) = preSolution
		HideSolutionNode = FALSE
	EndGlobalSection
	GlobalSection(NestedProjects) = preSolution
		{6CDC1DBC-638E-43B2-86B3-05BDBF7E034C} = {CAD1F652-78A5-4923-A332-1C3FD16C0E46}
	EndGlobalSection
	GlobalSection(ExtensibilityGlobals) = postSolution
		SolutionGuid = {6206C5FB-1872-4992-88B9-A4E01665C4E9}
	EndGlobalSection
EndGlobal
